
Microsoft Visual Studio Solution File, Format Version 12.00
# Visual Studio Version 17
VisualStudioVersion = 17.6.33829.357
MinimumVisualStudioVersion = 10.0.40219.1
Project("{9A19103F-16F7-4668-BE54-9A1E7A4F7556}") = "Mitre_attack", "Mitre_attack\Mitre_attack.csproj", "{C883E649-B753-4B90-8BCC-B87AA2424456}"
EndProject
Project("{9A19103F-16F7-4668-BE54-9A1E7A4F7556}") = "Mitre", "..\Mitre\Mitre\Mitre.csproj", "{9F378778-638C-4AFD-A437-B131EBB8D540}"
EndProject
Global
	GlobalSection(SolutionConfigurationPlatforms) = preSolution
		Debug|Any CPU = Debug|Any CPU
		Release|Any CPU = Release|Any CPU
	EndGlobalSection
	GlobalSection(ProjectConfigurationPlatforms) = postSolution
		{C883E649-B753-4B90-8BCC-B87AA2424456}.Debug|Any CPU.ActiveCfg = Debug|Any CPU
		{C883E649-B753-4B90-8BCC-B87AA2424456}.Debug|Any CPU.Build.0 = Debug|Any CPU
		{C883E649-B753-4B90-8BCC-B87AA2424456}.Release|Any CPU.ActiveCfg = Release|Any CPU
		{C883E649-B753-4B90-8BCC-B87AA2424456}.Release|Any CPU.Build.0 = Release|Any CPU
		{9F378778-638C-4AFD-A437-B131EBB8D540}.Debug|Any CPU.ActiveCfg = Debug|Any CPU
		{9F378778-638C-4AFD-A437-B131EBB8D540}.Debug|Any CPU.Build.0 = Debug|Any CPU
		{9F378778-638C-4AFD-A437-B131EBB8D540}.Release|Any CPU.ActiveCfg = Release|Any CPU
		{9F378778-638C-4AFD-A437-B131EBB8D540}.Release|Any CPU.Build.0 = Release|Any CPU
	EndGlobalSection
	GlobalSection(SolutionProperties) = preSolution
		HideSolutionNode = FALSE
	EndGlobalSection
	GlobalSection(ExtensibilityGlobals) = postSolution
		SolutionGuid = {21C9094D-4188-43DF-AF1A-1D1B65F3A5C8}
	EndGlobalSection
EndGlobal
